
Microsoft Visual Studio Solution File, Format Version 12.00
# Visual Studio Version 16
VisualStudioVersion = 16.0.32228.343
MinimumVisualStudioVersion = 10.0.40219.1
Project("{8BC9CEB8-8B4A-11D0-8D11-00A0C91BC942}") = "SDLProj", "SDLProj\SDLProj.vcxproj", "{0963F3EC-C7A4-4E83-A372-963E5E016966}"
EndProject
Global
	GlobalSection(SolutionConfigurationPlatforms) = preSolution
		Debug|x64 = Debug|x64
		Debug|x86 = Debug|x86
		Release|x64 = Release|x64
		Release|x86 = Release|x86
	EndGlobalSection
	GlobalSection(ProjectConfigurationPlatforms) = postSolution
		{0963F3EC-C7A4-4E83-A372-963E5E016966}.Debug|x64.ActiveCfg = Debug|x64
		{0963F3EC-C7A4-4E83-A372-963E5E016966}.Debug|x64.Build.0 = Debug|x64
		{0963F3EC-C7A4-4E83-A372-963E5E016966}.Debug|x86.ActiveCfg = Debug|Win32
		{0963F3EC-C7A4-4E83-A372-963E5E016966}.Debug|x86.Build.0 = Debug|Win32
		{0963F3EC-C7A4-4E83-A372-963E5E016966}.Release|x64.ActiveCfg = Release|x64
		{0963F3EC-C7A4-4E83-A372-963E5E016966}.Release|x64.Build.0 = Release|x64
		{0963F3EC-C7A4-4E83-A372-963E5E016966}.Release|x86.ActiveCfg = Release|Win32
		{0963F3EC-C7A4-4E83-A372-963E5E016966}.Release|x86.Build.0 = Release|Win32
	EndGlobalSection
	GlobalSection(SolutionProperties) = preSolution
		HideSolutionNode = FALSE
	EndGlobalSection
	GlobalSection(ExtensibilityGlobals) = postSolution
		SolutionGuid = {C1419E8E-05BB-4C9A-A100-2D5BFA9BE6AF}
	EndGlobalSection
EndGlobal
